{
  "name": "origin-vue-plugins",
  "version": "0.1.0",
  "lockfileVersion": 2,
  "requires": true,
  "packages": {
    "": {
      "name": "origin-vue-plugins",
      "version": "0.1.0",
      "license": "MIT",
      "dependencies": {
        "origin-plugin-pina": "file:pina"
      }
    },
    "node_modules/@vue/devtools-api": {
      "version": "6.0.0-beta.15",
      "resolved": "https://registry.npmjs.org/@vue/devtools-api/-/devtools-api-6.0.0-beta.15.tgz",
      "integrity": "sha512-quBx4Jjpexo6KDiNUGFr/zF/2A4srKM9S9v2uHgMXSU//hjgq1eGzqkIFql8T9gfX5ZaVOUzYBP3jIdIR3PKIA=="
    },
    "node_modules/origin-plugin-pina": {
      "resolved": "pina",
      "link": true
    },
    "node_modules/pinia": {
      "version": "2.0.0-beta.5",
      "resolved": "https://registry.npmjs.org/pinia/-/pinia-2.0.0-beta.5.tgz",
      "integrity": "sha512-0XvufXNkEvl7Fk6wrg5DH/JYPihkoknet950SQNIlWxXpeI7omwR0H00QPIiEYkrdbsiHXJyvI2XndWGvD4v5A==",
      "dependencies": {
        "@vue/devtools-api": "^6.0.0-beta.15"
      },
      "peerDependencies": {
        "typescript": "^4.3.5"
      },
      "peerDependenciesMeta": {
        "typescript": {
          "optional": true
        }
      }
    },
    "pina": {
      "version": "0.1.0",
      "license": "MIT",
      "dependencies": {
        "pinia": "^2.0.0-beta.5"
      }
    }
  },
  "dependencies": {
    "@vue/devtools-api": {
      "version": "6.0.0-beta.15",
      "resolved": "https://registry.npmjs.org/@vue/devtools-api/-/devtools-api-6.0.0-beta.15.tgz",
      "integrity": "sha512-quBx4Jjpexo6KDiNUGFr/zF/2A4srKM9S9v2uHgMXSU//hjgq1eGzqkIFql8T9gfX5ZaVOUzYBP3jIdIR3PKIA=="
    },
    "origin-plugin-pina": {
      "version": "file:pina",
      "requires": {
        "pinia": "^2.0.0-beta.5"
      }
    },
    "pinia": {
      "version": "2.0.0-beta.5",
      "resolved": "https://registry.npmjs.org/pinia/-/pinia-2.0.0-beta.5.tgz",
      "integrity": "sha512-0XvufXNkEvl7Fk6wrg5DH/JYPihkoknet950SQNIlWxXpeI7omwR0H00QPIiEYkrdbsiHXJyvI2XndWGvD4v5A==",
      "requires": {
        "@vue/devtools-api": "^6.0.0-beta.15"
      }
    }
  }
}
